
Microsoft Visual Studio Solution File, Format Version 12.00
# Visual Studio Version 16
VisualStudioVersion = 16.0.30413.136
MinimumVisualStudioVersion = 10.0.40219.1
Project("{FAE04EC0-301F-11D3-BF4B-00C04F79EFBC}") = "week2", "week2\week2.csproj", "{71B74A98-8273-487E-BF79-82F90CE99C62}"
EndProject
Global
	GlobalSection(SolutionConfigurationPlatforms) = preSolution
		Debug|Any CPU = Debug|Any CPU
		Release|Any CPU = Release|Any CPU
	EndGlobalSection
	GlobalSection(ProjectConfigurationPlatforms) = postSolution
		{71B74A98-8273-487E-BF79-82F90CE99C62}.Debug|Any CPU.ActiveCfg = Debug|Any CPU
		{71B74A98-8273-487E-BF79-82F90CE99C62}.Debug|Any CPU.Build.0 = Debug|Any CPU
		{71B74A98-8273-487E-BF79-82F90CE99C62}.Release|Any CPU.ActiveCfg = Release|Any CPU
		{71B74A98-8273-487E-BF79-82F90CE99C62}.Release|Any CPU.Build.0 = Release|Any CPU
	EndGlobalSection
	GlobalSection(SolutionProperties) = preSolution
		HideSolutionNode = FALSE
	EndGlobalSection
	GlobalSection(ExtensibilityGlobals) = postSolution
		SolutionGuid = {BD579D6F-84BE-4222-9FC5-07550E4E1262}
	EndGlobalSection
EndGlobal
